
Microsoft Visual Studio Solution File, Format Version 12.00
# Visual Studio Version 16
VisualStudioVersion = 16.0.29509.3
MinimumVisualStudioVersion = 10.0.40219.1
Project("{FAE04EC0-301F-11D3-BF4B-00C04F79EFBC}") = "EmailSender", "EmailSender\EmailSender.csproj", "{2EF7AF3F-CB9A-4533-8AC7-72539250297B}"
EndProject
Global
	GlobalSection(SolutionConfigurationPlatforms) = preSolution
		Debug|Any CPU = Debug|Any CPU
		Release|Any CPU = Release|Any CPU
	EndGlobalSection
	GlobalSection(ProjectConfigurationPlatforms) = postSolution
		{2EF7AF3F-CB9A-4533-8AC7-72539250297B}.Debug|Any CPU.ActiveCfg = Debug|Any CPU
		{2EF7AF3F-CB9A-4533-8AC7-72539250297B}.Debug|Any CPU.Build.0 = Debug|Any CPU
		{2EF7AF3F-CB9A-4533-8AC7-72539250297B}.Release|Any CPU.ActiveCfg = Release|Any CPU
		{2EF7AF3F-CB9A-4533-8AC7-72539250297B}.Release|Any CPU.Build.0 = Release|Any CPU
	EndGlobalSection
	GlobalSection(SolutionProperties) = preSolution
		HideSolutionNode = FALSE
	EndGlobalSection
	GlobalSection(ExtensibilityGlobals) = postSolution
		SolutionGuid = {F6032F86-B1E5-4FD7-8496-135FAFB41ED7}
	EndGlobalSection
EndGlobal
